
Microsoft Visual Studio Solution File, Format Version 12.00
# Visual Studio Version 16
VisualStudioVersion = 16.0.29215.179
MinimumVisualStudioVersion = 10.0.40219.1
Project("{9A19103F-16F7-4668-BE54-9A1E7A4F7556}") = "MGCC", "MGCC.csproj", "{04D3A451-3DBB-4508-BB9D-301BBA333CAF}"
EndProject
Project("{9A19103F-16F7-4668-BE54-9A1E7A4F7556}") = "EnterpriseServiceBus", "..\EnterpriseServiceBus\EnterpriseServiceBus.csproj", "{E2F389F3-B453-4A7B-B55E-071C4BD955BF}"
EndProject
Project("{9A19103F-16F7-4668-BE54-9A1E7A4F7556}") = "Shared", "..\Shared\Shared.csproj", "{1605137C-B7B9-4953-A2EA-D99B1BDBA3D9}"
EndProject
Global
	GlobalSection(SolutionConfigurationPlatforms) = preSolution
		Debug|Any CPU = Debug|Any CPU
		Release|Any CPU = Release|Any CPU
	EndGlobalSection
	GlobalSection(ProjectConfigurationPlatforms) = postSolution
		{04D3A451-3DBB-4508-BB9D-301BBA333CAF}.Debug|Any CPU.ActiveCfg = Debug|Any CPU
		{04D3A451-3DBB-4508-BB9D-301BBA333CAF}.Debug|Any CPU.Build.0 = Debug|Any CPU
		{04D3A451-3DBB-4508-BB9D-301BBA333CAF}.Release|Any CPU.ActiveCfg = Release|Any CPU
		{04D3A451-3DBB-4508-BB9D-301BBA333CAF}.Release|Any CPU.Build.0 = Release|Any CPU
		{E2F389F3-B453-4A7B-B55E-071C4BD955BF}.Debug|Any CPU.ActiveCfg = Debug|Any CPU
		{E2F389F3-B453-4A7B-B55E-071C4BD955BF}.Debug|Any CPU.Build.0 = Debug|Any CPU
		{E2F389F3-B453-4A7B-B55E-071C4BD955BF}.Release|Any CPU.ActiveCfg = Release|Any CPU
		{E2F389F3-B453-4A7B-B55E-071C4BD955BF}.Release|Any CPU.Build.0 = Release|Any CPU
		{1605137C-B7B9-4953-A2EA-D99B1BDBA3D9}.Debug|Any CPU.ActiveCfg = Debug|Any CPU
		{1605137C-B7B9-4953-A2EA-D99B1BDBA3D9}.Debug|Any CPU.Build.0 = Debug|Any CPU
		{1605137C-B7B9-4953-A2EA-D99B1BDBA3D9}.Release|Any CPU.ActiveCfg = Release|Any CPU
		{1605137C-B7B9-4953-A2EA-D99B1BDBA3D9}.Release|Any CPU.Build.0 = Release|Any CPU
	EndGlobalSection
	GlobalSection(SolutionProperties) = preSolution
		HideSolutionNode = FALSE
	EndGlobalSection
	GlobalSection(ExtensibilityGlobals) = postSolution
		SolutionGuid = {D0341D75-2B40-4332-B661-40BF5E479CBB}
	EndGlobalSection
EndGlobal
