
Microsoft Visual Studio Solution File, Format Version 12.00
# Visual Studio Version 16
VisualStudioVersion = 16.0.29215.179
MinimumVisualStudioVersion = 10.0.40219.1
Project("{9A19103F-16F7-4668-BE54-9A1E7A4F7556}") = "Operation", "Operation.csproj", "{38EBE35E-ED33-4B41-A424-427CD591E4C4}"
EndProject
Project("{FAE04EC0-301F-11D3-BF4B-00C04F79EFBC}") = "Shared", "..\Shared\Shared.csproj", "{51B505D5-024D-4FC6-8334-65E5FE05A999}"
EndProject
Project("{FAE04EC0-301F-11D3-BF4B-00C04F79EFBC}") = "EnterpriseServiceBus", "..\EnterpriseServiceBus\EnterpriseServiceBus.csproj", "{A0942E53-40C9-4130-9354-2AA5940CA319}"
EndProject
Global
	GlobalSection(SolutionConfigurationPlatforms) = preSolution
		Debug|Any CPU = Debug|Any CPU
		Release|Any CPU = Release|Any CPU
	EndGlobalSection
	GlobalSection(ProjectConfigurationPlatforms) = postSolution
		{38EBE35E-ED33-4B41-A424-427CD591E4C4}.Debug|Any CPU.ActiveCfg = Debug|Any CPU
		{38EBE35E-ED33-4B41-A424-427CD591E4C4}.Debug|Any CPU.Build.0 = Debug|Any CPU
		{38EBE35E-ED33-4B41-A424-427CD591E4C4}.Release|Any CPU.ActiveCfg = Release|Any CPU
		{38EBE35E-ED33-4B41-A424-427CD591E4C4}.Release|Any CPU.Build.0 = Release|Any CPU
		{51B505D5-024D-4FC6-8334-65E5FE05A999}.Debug|Any CPU.ActiveCfg = Debug|Any CPU
		{51B505D5-024D-4FC6-8334-65E5FE05A999}.Debug|Any CPU.Build.0 = Debug|Any CPU
		{51B505D5-024D-4FC6-8334-65E5FE05A999}.Release|Any CPU.ActiveCfg = Release|Any CPU
		{51B505D5-024D-4FC6-8334-65E5FE05A999}.Release|Any CPU.Build.0 = Release|Any CPU
		{A0942E53-40C9-4130-9354-2AA5940CA319}.Debug|Any CPU.ActiveCfg = Debug|Any CPU
		{A0942E53-40C9-4130-9354-2AA5940CA319}.Debug|Any CPU.Build.0 = Debug|Any CPU
		{A0942E53-40C9-4130-9354-2AA5940CA319}.Release|Any CPU.ActiveCfg = Release|Any CPU
		{A0942E53-40C9-4130-9354-2AA5940CA319}.Release|Any CPU.Build.0 = Release|Any CPU
	EndGlobalSection
	GlobalSection(SolutionProperties) = preSolution
		HideSolutionNode = FALSE
	EndGlobalSection
	GlobalSection(ExtensibilityGlobals) = postSolution
		SolutionGuid = {E6A4E480-E725-4266-AF0F-53A2EF042B3E}
	EndGlobalSection
EndGlobal
